// !$*UTF8*$!
{
	archiveVersion = 1;
	classes = {
	};
	objectVersion = 56;
	objects = {

/* Begin PBXBuildFile section */
		673775FA2A938BC8003F16A4 /* AppDelegate.swift in Sources */ = {isa = PBXBuildFile; fileRef = 673775F92A938BC8003F16A4 /* AppDelegate.swift */; };
		673775FC2A938BC8003F16A4 /* SceneDelegate.swift in Sources */ = {isa = PBXBuildFile; fileRef = 673775FB2A938BC8003F16A4 /* SceneDelegate.swift */; };
		673775FE2A938BC8003F16A4 /* UITestViewController.swift in Sources */ = {isa = PBXBuildFile; fileRef = 673775FD2A938BC8003F16A4 /* UITestViewController.swift */; };
		673776012A938BC8003F16A4 /* Main.storyboard in Resources */ = {isa = PBXBuildFile; fileRef = 673775FF2A938BC8003F16A4 /* Main.storyboard */; };
		673776032A938BC9003F16A4 /* Assets.xcassets in Resources */ = {isa = PBXBuildFile; fileRef = 673776022A938BC9003F16A4 /* Assets.xcassets */; };
		673776062A938BC9003F16A4 /* LaunchScreen.storyboard in Resources */ = {isa = PBXBuildFile; fileRef = 673776042A938BC9003F16A4 /* LaunchScreen.storyboard */; };
		673776112A938BC9003F16A4 /* ExUi_UintTestTests.swift in Sources */ = {isa = PBXBuildFile; fileRef = 673776102A938BC9003F16A4 /* ExUi_UintTestTests.swift */; };
		6737761B2A938BC9003F16A4 /* ExUi_UintTestUITests.swift in Sources */ = {isa = PBXBuildFile; fileRef = 6737761A2A938BC9003F16A4 /* ExUi_UintTestUITests.swift */; };
		6737761D2A938BC9003F16A4 /* ExUi_UintTestUITestsLaunchTests.swift in Sources */ = {isa = PBXBuildFile; fileRef = 6737761C2A938BC9003F16A4 /* ExUi_UintTestUITestsLaunchTests.swift */; };
		6737762B2A938CA3003F16A4 /* Then in Frameworks */ = {isa = PBXBuildFile; productRef = 6737762A2A938CA3003F16A4 /* Then */; };
/* End PBXBuildFile section */

/* Begin PBXContainerItemProxy section */
		6737760D2A938BC9003F16A4 /* PBXContainerItemProxy */ = {
			isa = PBXContainerItemProxy;
			containerPortal = 673775EE2A938BC8003F16A4 /* Project object */;
			proxyType = 1;
			remoteGlobalIDString = 673775F52A938BC8003F16A4;
			remoteInfo = ExUi_UintTest;
		};
		673776172A938BC9003F16A4 /* PBXContainerItemProxy */ = {
			isa = PBXContainerItemProxy;
			containerPortal = 673775EE2A938BC8003F16A4 /* Project object */;
			proxyType = 1;
			remoteGlobalIDString = 673775F52A938BC8003F16A4;
			remoteInfo = ExUi_UintTest;
		};
/* End PBXContainerItemProxy section */

/* Begin PBXFileReference section */
		673775F62A938BC8003F16A4 /* ExUi_UintTest.app */ = {isa = PBXFileReference; explicitFileType = wrapper.application; includeInIndex = 0; path = ExUi_UintTest.app; sourceTree = BUILT_PRODUCTS_DIR; };
		673775F92A938BC8003F16A4 /* AppDelegate.swift */ = {isa = PBXFileReference; lastKnownFileType = sourcecode.swift; path = AppDelegate.swift; sourceTree = "<group>"; };
		673775FB2A938BC8003F16A4 /* SceneDelegate.swift */ = {isa = PBXFileReference; lastKnownFileType = sourcecode.swift; path = SceneDelegate.swift; sourceTree = "<group>"; };
		673775FD2A938BC8003F16A4 /* UITestViewController.swift */ = {isa = PBXFileReference; lastKnownFileType = sourcecode.swift; path = UITestViewController.swift; sourceTree = "<group>"; };
		673776002A938BC8003F16A4 /* Base */ = {isa = PBXFileReference; lastKnownFileType = file.storyboard; name = Base; path = Base.lproj/Main.storyboard; sourceTree = "<group>"; };
		673776022A938BC9003F16A4 /* Assets.xcassets */ = {isa = PBXFileReference; lastKnownFileType = folder.assetcatalog; path = Assets.xcassets; sourceTree = "<group>"; };
		673776052A938BC9003F16A4 /* Base */ = {isa = PBXFileReference; lastKnownFileType = file.storyboard; name = Base; path = Base.lproj/LaunchScreen.storyboard; sourceTree = "<group>"; };
		673776072A938BC9003F16A4 /* Info.plist */ = {isa = PBXFileReference; lastKnownFileType = text.plist.xml; path = Info.plist; sourceTree = "<group>"; };
		6737760C2A938BC9003F16A4 /* ExUi_UintTestTests.xctest */ = {isa = PBXFileReference; explicitFileType = wrapper.cfbundle; includeInIndex = 0; path = ExUi_UintTestTests.xctest; sourceTree = BUILT_PRODUCTS_DIR; };
		673776102A938BC9003F16A4 /* ExUi_UintTestTests.swift */ = {isa = PBXFileReference; lastKnownFileType = sourcecode.swift; path = ExUi_UintTestTests.swift; sourceTree = "<group>"; };
		673776162A938BC9003F16A4 /* ExUi_UintTestUITests.xctest */ = {isa = PBXFileReference; explicitFileType = wrapper.cfbundle; includeInIndex = 0; path = ExUi_UintTestUITests.xctest; sourceTree = BUILT_PRODUCTS_DIR; };
		6737761A2A938BC9003F16A4 /* ExUi_UintTestUITests.swift */ = {isa = PBXFileReference; lastKnownFileType = sourcecode.swift; path = ExUi_UintTestUITests.swift; sourceTree = "<group>"; };
		6737761C2A938BC9003F16A4 /* ExUi_UintTestUITestsLaunchTests.swift */ = {isa = PBXFileReference; lastKnownFileType = sourcecode.swift; path = ExUi_UintTestUITestsLaunchTests.swift; sourceTree = "<group>"; };
/* End PBXFileReference section */

/* Begin PBXFrameworksBuildPhase section */
		673775F32A938BC8003F16A4 /* Frameworks */ = {
			isa = PBXFrameworksBuildPhase;
			buildActionMask = 2147483647;
			files = (
				6737762B2A938CA3003F16A4 /* Then in Frameworks */,
			);
			runOnlyForDeploymentPostprocessing = 0;
		};
		673776092A938BC9003F16A4 /* Frameworks */ = {
			isa = PBXFrameworksBuildPhase;
			buildActionMask = 2147483647;
			files = (
			);
			runOnlyForDeploymentPostprocessing = 0;
		};
		673776132A938BC9003F16A4 /* Frameworks */ = {
			isa = PBXFrameworksBuildPhase;
			buildActionMask = 2147483647;
			files = (
			);
			runOnlyForDeploymentPostprocessing = 0;
		};
/* End PBXFrameworksBuildPhase section */

/* Begin PBXGroup section */
		673775ED2A938BC8003F16A4 = {
			isa = PBXGroup;
			children = (
				673775F82A938BC8003F16A4 /* ExUi_UintTest */,
				6737760F2A938BC9003F16A4 /* ExUi_UintTestTests */,
				673776192A938BC9003F16A4 /* ExUi_UintTestUITests */,
				673775F72A938BC8003F16A4 /* Products */,
			);
			sourceTree = "<group>";
		};
		673775F72A938BC8003F16A4 /* Products */ = {
			isa = PBXGroup;
			children = (
				673775F62A938BC8003F16A4 /* ExUi_UintTest.app */,
				6737760C2A938BC9003F16A4 /* ExUi_UintTestTests.xctest */,
				673776162A938BC9003F16A4 /* ExUi_UintTestUITests.xctest */,
			);
			name = Products;
			sourceTree = "<group>";
		};
		673775F82A938BC8003F16A4 /* ExUi_UintTest */ = {
			isa = PBXGroup;
			children = (
				673775F92A938BC8003F16A4 /* AppDelegate.swift */,
				673775FB2A938BC8003F16A4 /* SceneDelegate.swift */,
				673775FD2A938BC8003F16A4 /* UITestViewController.swift */,
				673775FF2A938BC8003F16A4 /* Main.storyboard */,
				673776022A938BC9003F16A4 /* Assets.xcassets */,
				673776042A938BC9003F16A4 /* LaunchScreen.storyboard */,
				673776072A938BC9003F16A4 /* Info.plist */,
			);
			path = ExUi_UintTest;
			sourceTree = "<group>";
		};
		6737760F2A938BC9003F16A4 /* ExUi_UintTestTests */ = {
			isa = PBXGroup;
			children = (
				673776102A938BC9003F16A4 /* ExUi_UintTestTests.swift */,
			);
			path = ExUi_UintTestTests;
			sourceTree = "<group>";
		};
		673776192A938BC9003F16A4 /* ExUi_UintTestUITests */ = {
			isa = PBXGroup;
			children = (
				6737761A2A938BC9003F16A4 /* ExUi_UintTestUITests.swift */,
				6737761C2A938BC9003F16A4 /* ExUi_UintTestUITestsLaunchTests.swift */,
			);
			path = ExUi_UintTestUITests;
			sourceTree = "<group>";
		};
/* End PBXGroup section */

/* Begin PBXNativeTarget section */
		673775F52A938BC8003F16A4 /* ExUi_UintTest */ = {
			isa = PBXNativeTarget;
			buildConfigurationList = 673776202A938BC9003F16A4 /* Build configuration list for PBXNativeTarget "ExUi_UintTest" */;
			buildPhases = (
				673775F22A938BC8003F16A4 /* Sources */,
				673775F32A938BC8003F16A4 /* Frameworks */,
				673775F42A938BC8003F16A4 /* Resources */,
			);
			buildRules = (
			);
			dependencies = (
			);
			name = ExUi_UintTest;
			packageProductDependencies = (
				6737762A2A938CA3003F16A4 /* Then */,
			);
			productName = ExUi_UintTest;
			productReference = 673775F62A938BC8003F16A4 /* ExUi_UintTest.app */;
			productType = "com.apple.product-type.application";
		};
		6737760B2A938BC9003F16A4 /* ExUi_UintTestTests */ = {
			isa = PBXNativeTarget;
			buildConfigurationList = 673776232A938BC9003F16A4 /* Build configuration list for PBXNativeTarget "ExUi_UintTestTests" */;
			buildPhases = (
				673776082A938BC9003F16A4 /* Sources */,
				673776092A938BC9003F16A4 /* Frameworks */,
				6737760A2A938BC9003F16A4 /* Resources */,
			);
			buildRules = (
			);
			dependencies = (
				6737760E2A938BC9003F16A4 /* PBXTargetDependency */,
			);
			name = ExUi_UintTestTests;
			productName = ExUi_UintTestTests;
			productReference = 6737760C2A938BC9003F16A4 /* ExUi_UintTestTests.xctest */;
			productType = "com.apple.product-type.bundle.unit-test";
		};
		673776152A938BC9003F16A4 /* ExUi_UintTestUITests */ = {
			isa = PBXNativeTarget;
			buildConfigurationList = 673776262A938BC9003F16A4 /* Build configuration list for PBXNativeTarget "ExUi_UintTestUITests" */;
			buildPhases = (
				673776122A938BC9003F16A4 /* Sources */,
				673776132A938BC9003F16A4 /* Frameworks */,
				673776142A938BC9003F16A4 /* Resources */,
			);
			buildRules = (
			);
			dependencies = (
				673776182A938BC9003F16A4 /* PBXTargetDependency */,
			);
			name = ExUi_UintTestUITests;
			productName = ExUi_UintTestUITests;
			productReference = 673776162A938BC9003F16A4 /* ExUi_UintTestUITests.xctest */;
			productType = "com.apple.product-type.bundle.ui-testing";
		};
/* End PBXNativeTarget section */

/* Begin PBXProject section */
		673775EE2A938BC8003F16A4 /* Project object */ = {
			isa = PBXProject;
			attributes = {
				BuildIndependentTargetsInParallel = 1;
				LastSwiftUpdateCheck = 1430;
				LastUpgradeCheck = 1430;
				TargetAttributes = {
					673775F52A938BC8003F16A4 = {
						CreatedOnToolsVersion = 14.3.1;
					};
					6737760B2A938BC9003F16A4 = {
						CreatedOnToolsVersion = 14.3.1;
						TestTargetID = 673775F52A938BC8003F16A4;
					};
					673776152A938BC9003F16A4 = {
						CreatedOnToolsVersion = 14.3.1;
						TestTargetID = 673775F52A938BC8003F16A4;
					};
				};
			};
			buildConfigurationList = 673775F12A938BC8003F16A4 /* Build configuration list for PBXProject "ExUi_UintTest" */;
			compatibilityVersion = "Xcode 14.0";
			developmentRegion = en;
			hasScannedForEncodings = 0;
			knownRegions = (
				en,
				Base,
			);
			mainGroup = 673775ED2A938BC8003F16A4;
			packageReferences = (
				673776292A938CA3003F16A4 /* XCRemoteSwiftPackageReference "Then" */,
			);
			productRefGroup = 673775F72A938BC8003F16A4 /* Products */;
			projectDirPath = "";
			projectRoot = "";
			targets = (
				673775F52A938BC8003F16A4 /* ExUi_UintTest */,
				6737760B2A938BC9003F16A4 /* ExUi_UintTestTests */,
				673776152A938BC9003F16A4 /* ExUi_UintTestUITests */,
			);
		};
/* End PBXProject section */

/* Begin PBXResourcesBuildPhase section */
		673775F42A938BC8003F16A4 /* Resources */ = {
			isa = PBXResourcesBuildPhase;
			buildActionMask = 2147483647;
			files = (
				673776062A938BC9003F16A4 /* LaunchScreen.storyboard in Resources */,
				673776032A938BC9003F16A4 /* Assets.xcassets in Resources */,
				673776012A938BC8003F16A4 /* Main.storyboard in Resources */,
			);
			runOnlyForDeploymentPostprocessing = 0;
		};
		6737760A2A938BC9003F16A4 /* Resources */ = {
			isa = PBXResourcesBuildPhase;
			buildActionMask = 2147483647;
			files = (
			);
			runOnlyForDeploymentPostprocessing = 0;
		};
		673776142A938BC9003F16A4 /* Resources */ = {
			isa = PBXResourcesBuildPhase;
			buildActionMask = 2147483647;
			files = (
			);
			runOnlyForDeploymentPostprocessing = 0;
		};
/* End PBXResourcesBuildPhase section */

/* Begin PBXSourcesBuildPhase section */
		673775F22A938BC8003F16A4 /* Sources */ = {
			isa = PBXSourcesBuildPhase;
			buildActionMask = 2147483647;
			files = (
				673775FE2A938BC8003F16A4 /* UITestViewController.swift in Sources */,
				673775FA2A938BC8003F16A4 /* AppDelegate.swift in Sources */,
				673775FC2A938BC8003F16A4 /* SceneDelegate.swift in Sources */,
			);
			runOnlyForDeploymentPostprocessing = 0;
		};
		673776082A938BC9003F16A4 /* Sources */ = {
			isa = PBXSourcesBuildPhase;
			buildActionMask = 2147483647;
			files = (
				673776112A938BC9003F16A4 /* ExUi_UintTestTests.swift in Sources */,
			);
			runOnlyForDeploymentPostprocessing = 0;
		};
		673776122A938BC9003F16A4 /* Sources */ = {
			isa = PBXSourcesBuildPhase;
			buildActionMask = 2147483647;
			files = (
				6737761B2A938BC9003F16A4 /* ExUi_UintTestUITests.swift in Sources */,
				6737761D2A938BC9003F16A4 /* ExUi_UintTestUITestsLaunchTests.swift in Sources */,
			);
			runOnlyForDeploymentPostprocessing = 0;
		};
/* End PBXSourcesBuildPhase section */

/* Begin PBXTargetDependency section */
		6737760E2A938BC9003F16A4 /* PBXTargetDependency */ = {
			isa = PBXTargetDependency;
			target = 673775F52A938BC8003F16A4 /* ExUi_UintTest */;
			targetProxy = 6737760D2A938BC9003F16A4 /* PBXContainerItemProxy */;
		};
		673776182A938BC9003F16A4 /* PBXTargetDependency */ = {
			isa = PBXTargetDependency;
			target = 673775F52A938BC8003F16A4 /* ExUi_UintTest */;
			targetProxy = 673776172A938BC9003F16A4 /* PBXContainerItemProxy */;
		};
/* End PBXTargetDependency section */

/* Begin PBXVariantGroup section */
		673775FF2A938BC8003F16A4 /* Main.storyboard */ = {
			isa = PBXVariantGroup;
			children = (
				673776002A938BC8003F16A4 /* Base */,
			);
			name = Main.storyboard;
			sourceTree = "<group>";
		};
		673776042A938BC9003F16A4 /* LaunchScreen.storyboard */ = {
			isa = PBXVariantGroup;
			children = (
				673776052A938BC9003F16A4 /* Base */,
			);
			name = LaunchScreen.storyboard;
			sourceTree = "<group>";
		};
/* End PBXVariantGroup section */

/* Begin XCBuildConfiguration section */
		6737761E2A938BC9003F16A4 /* Debug */ = {
			isa = XCBuildConfiguration;
			buildSettings = {
				ALWAYS_SEARCH_USER_PATHS = NO;
				CLANG_ANALYZER_NONNULL = YES;
				CLANG_ANALYZER_NUMBER_OBJECT_CONVERSION = YES_AGGRESSIVE;
				CLANG_CXX_LANGUAGE_STANDARD = "gnu++20";
				CLANG_ENABLE_MODULES = YES;
				CLANG_ENABLE_OBJC_ARC = YES;
				CLANG_ENABLE_OBJC_WEAK = YES;
				CLANG_WARN_BLOCK_CAPTURE_AUTORELEASING = YES;
				CLANG_WARN_BOOL_CONVERSION = YES;
				CLANG_WARN_COMMA = YES;
				CLANG_WARN_CONSTANT_CONVERSION = YES;
				CLANG_WARN_DEPRECATED_OBJC_IMPLEMENTATIONS = YES;
				CLANG_WARN_DIRECT_OBJC_ISA_USAGE = YES_ERROR;
				CLANG_WARN_DOCUMENTATION_COMMENTS = YES;
				CLANG_WARN_EMPTY_BODY = YES;
				CLANG_WARN_ENUM_CONVERSION = YES;
				CLANG_WARN_INFINITE_RECURSION = YES;
				CLANG_WARN_INT_CONVERSION = YES;
				CLANG_WARN_NON_LITERAL_NULL_CONVERSION = YES;
				CLANG_WARN_OBJC_IMPLICIT_RETAIN_SELF = YES;
				CLANG_WARN_OBJC_LITERAL_CONVERSION = YES;
				CLANG_WARN_OBJC_ROOT_CLASS = YES_ERROR;
				CLANG_WARN_QUOTED_INCLUDE_IN_FRAMEWORK_HEADER = YES;
				CLANG_WARN_RANGE_LOOP_ANALYSIS = YES;
				CLANG_WARN_STRICT_PROTOTYPES = YES;
				CLANG_WARN_SUSPICIOUS_MOVE = YES;
				CLANG_WARN_UNGUARDED_AVAILABILITY = YES_AGGRESSIVE;
				CLANG_WARN_UNREACHABLE_CODE = YES;
				CLANG_WARN__DUPLICATE_METHOD_MATCH = YES;
				COPY_PHASE_STRIP = NO;
				DEBUG_INFORMATION_FORMAT = dwarf;
				ENABLE_STRICT_OBJC_MSGSEND = YES;
				ENABLE_TESTABILITY = YES;
				GCC_C_LANGUAGE_STANDARD = gnu11;
				GCC_DYNAMIC_NO_PIC = NO;
				GCC_NO_COMMON_BLOCKS = YES;
				GCC_OPTIMIZATION_LEVEL = 0;
				GCC_PREPROCESSOR_DEFINITIONS = (
					"DEBUG=1",
					"$(inherited)",
				);
				GCC_WARN_64_TO_32_BIT_CONVERSION = YES;
				GCC_WARN_ABOUT_RETURN_TYPE = YES_ERROR;
				GCC_WARN_UNDECLARED_SELECTOR = YES;
				GCC_WARN_UNINITIALIZED_AUTOS = YES_AGGRESSIVE;
				GCC_WARN_UNUSED_FUNCTION = YES;
				GCC_WARN_UNUSED_VARIABLE = YES;
				IPHONEOS_DEPLOYMENT_TARGET = 16.4;
				MTL_ENABLE_DEBUG_INFO = INCLUDE_SOURCE;
				MTL_FAST_MATH = YES;
				ONLY_ACTIVE_ARCH = YES;
				SDKROOT = iphoneos;
				SWIFT_ACTIVE_COMPILATION_CONDITIONS = DEBUG;
				SWIFT_OPTIMIZATION_LEVEL = "-Onone";
			};
			name = Debug;
		};
		6737761F2A938BC9003F16A4 /* Release */ = {
			isa = XCBuildConfiguration;
			buildSettings = {
				ALWAYS_SEARCH_USER_PATHS = NO;
				CLANG_ANALYZER_NONNULL = YES;
				CLANG_ANALYZER_NUMBER_OBJECT_CONVERSION = YES_AGGRESSIVE;
				CLANG_CXX_LANGUAGE_STANDARD = "gnu++20";
				CLANG_ENABLE_MODULES = YES;
				CLANG_ENABLE_OBJC_ARC = YES;
				CLANG_ENABLE_OBJC_WEAK = YES;
				CLANG_WARN_BLOCK_CAPTURE_AUTORELEASING = YES;
				CLANG_WARN_BOOL_CONVERSION = YES;
				CLANG_WARN_COMMA = YES;
				CLANG_WARN_CONSTANT_CONVERSION = YES;
				CLANG_WARN_DEPRECATED_OBJC_IMPLEMENTATIONS = YES;
				CLANG_WARN_DIRECT_OBJC_ISA_USAGE = YES_ERROR;
				CLANG_WARN_DOCUMENTATION_COMMENTS = YES;
				CLANG_WARN_EMPTY_BODY = YES;
				CLANG_WARN_ENUM_CONVERSION = YES;
				CLANG_WARN_INFINITE_RECURSION = YES;
				CLANG_WARN_INT_CONVERSION = YES;
				CLANG_WARN_NON_LITERAL_NULL_CONVERSION = YES;
				CLANG_WARN_OBJC_IMPLICIT_RETAIN_SELF = YES;
				CLANG_WARN_OBJC_LITERAL_CONVERSION = YES;
				CLANG_WARN_OBJC_ROOT_CLASS = YES_ERROR;
				CLANG_WARN_QUOTED_INCLUDE_IN_FRAMEWORK_HEADER = YES;
				CLANG_WARN_RANGE_LOOP_ANALYSIS = YES;
				CLANG_WARN_STRICT_PROTOTYPES = YES;
				CLANG_WARN_SUSPICIOUS_MOVE = YES;
				CLANG_WARN_UNGUARDED_AVAILABILITY = YES_AGGRESSIVE;
				CLANG_WARN_UNREACHABLE_CODE = YES;
				CLANG_WARN__DUPLICATE_METHOD_MATCH = YES;
				COPY_PHASE_STRIP = NO;
				DEBUG_INFORMATION_FORMAT = "dwarf-with-dsym";
				ENABLE_NS_ASSERTIONS = NO;
				ENABLE_STRICT_OBJC_MSGSEND = YES;
				GCC_C_LANGUAGE_STANDARD = gnu11;
				GCC_NO_COMMON_BLOCKS = YES;
				GCC_WARN_64_TO_32_BIT_CONVERSION = YES;
				GCC_WARN_ABOUT_RETURN_TYPE = YES_ERROR;
				GCC_WARN_UNDECLARED_SELECTOR = YES;
				GCC_WARN_UNINITIALIZED_AUTOS = YES_AGGRESSIVE;
				GCC_WARN_UNUSED_FUNCTION = YES;
				GCC_WARN_UNUSED_VARIABLE = YES;
				IPHONEOS_DEPLOYMENT_TARGET = 16.4;
				MTL_ENABLE_DEBUG_INFO = NO;
				MTL_FAST_MATH = YES;
				SDKROOT = iphoneos;
				SWIFT_COMPILATION_MODE = wholemodule;
				SWIFT_OPTIMIZATION_LEVEL = "-O";
				VALIDATE_PRODUCT = YES;
			};
			name = Release;
		};
		673776212A938BC9003F16A4 /* Debug */ = {
			isa = XCBuildConfiguration;
			buildSettings = {
				ASSETCATALOG_COMPILER_APPICON_NAME = AppIcon;
				ASSETCATALOG_COMPILER_GLOBAL_ACCENT_COLOR_NAME = AccentColor;
				CODE_SIGN_STYLE = Automatic;
				CURRENT_PROJECT_VERSION = 1;
				GENERATE_INFOPLIST_FILE = YES;
				INFOPLIST_FILE = ExUi_UintTest/Info.plist;
				INFOPLIST_KEY_UIApplicationSupportsIndirectInputEvents = YES;
				INFOPLIST_KEY_UILaunchStoryboardName = LaunchScreen;
				INFOPLIST_KEY_UIMainStoryboardFile = Main;
				INFOPLIST_KEY_UISupportedInterfaceOrientations_iPad = "UIInterfaceOrientationPortrait UIInterfaceOrientationPortraitUpsideDown UIInterfaceOrientationLandscapeLeft UIInterfaceOrientationLandscapeRight";
				INFOPLIST_KEY_UISupportedInterfaceOrientations_iPhone = "UIInterfaceOrientationPortrait UIInterfaceOrientationLandscapeLeft UIInterfaceOrientationLandscapeRight";
				LD_RUNPATH_SEARCH_PATHS = (
					"$(inherited)",
					"@executable_path/Frameworks",
				);
				MARKETING_VERSION = 1.0;
				PRODUCT_BUNDLE_IDENTIFIER = "com.sesac.ExUi-UintTest";
				PRODUCT_NAME = "$(TARGET_NAME)";
				SWIFT_EMIT_LOC_STRINGS = YES;
				SWIFT_VERSION = 5.0;
				TARGETED_DEVICE_FAMILY = "1,2";
			};
			name = Debug;
		};
		673776222A938BC9003F16A4 /* Release */ = {
			isa = XCBuildConfiguration;
			buildSettings = {
				ASSETCATALOG_COMPILER_APPICON_NAME = AppIcon;
				ASSETCATALOG_COMPILER_GLOBAL_ACCENT_COLOR_NAME = AccentColor;
				CODE_SIGN_STYLE = Automatic;
				CURRENT_PROJECT_VERSION = 1;
				GENERATE_INFOPLIST_FILE = YES;
				INFOPLIST_FILE = ExUi_UintTest/Info.plist;
				INFOPLIST_KEY_UIApplicationSupportsIndirectInputEvents = YES;
				INFOPLIST_KEY_UILaunchStoryboardName = LaunchScreen;
				INFOPLIST_KEY_UIMainStoryboardFile = Main;
				INFOPLIST_KEY_UISupportedInterfaceOrientations_iPad = "UIInterfaceOrientationPortrait UIInterfaceOrientationPortraitUpsideDown UIInterfaceOrientationLandscapeLeft UIInterfaceOrientationLandscapeRight";
				INFOPLIST_KEY_UISupportedInterfaceOrientations_iPhone = "UIInterfaceOrientationPortrait UIInterfaceOrientationLandscapeLeft UIInterfaceOrientationLandscapeRight";
				LD_RUNPATH_SEARCH_PATHS = (
					"$(inherited)",
					"@executable_path/Frameworks",
				);
				MARKETING_VERSION = 1.0;
				PRODUCT_BUNDLE_IDENTIFIER = "com.sesac.ExUi-UintTest";
				PRODUCT_NAME = "$(TARGET_NAME)";
				SWIFT_EMIT_LOC_STRINGS = YES;
				SWIFT_VERSION = 5.0;
				TARGETED_DEVICE_FAMILY = "1,2";
			};
			name = Release;
		};
		673776242A938BC9003F16A4 /* Debug */ = {
			isa = XCBuildConfiguration;
			buildSettings = {
				ALWAYS_EMBED_SWIFT_STANDARD_LIBRARIES = YES;
				BUNDLE_LOADER = "$(TEST_HOST)";
				CODE_SIGN_STYLE = Automatic;
				CURRENT_PROJECT_VERSION = 1;
				GENERATE_INFOPLIST_FILE = YES;
				IPHONEOS_DEPLOYMENT_TARGET = 16.4;
				MARKETING_VERSION = 1.0;
				PRODUCT_BUNDLE_IDENTIFIER = "com.sesac.ExUi-UintTestTests";
				PRODUCT_NAME = "$(TARGET_NAME)";
				SWIFT_EMIT_LOC_STRINGS = NO;
				SWIFT_VERSION = 5.0;
				TARGETED_DEVICE_FAMILY = "1,2";
				TEST_HOST = "$(BUILT_PRODUCTS_DIR)/ExUi_UintTest.app/$(BUNDLE_EXECUTABLE_FOLDER_PATH)/ExUi_UintTest";
			};
			name = Debug;
		};
		673776252A938BC9003F16A4 /* Release */ = {
			isa = XCBuildConfiguration;
			buildSettings = {
				ALWAYS_EMBED_SWIFT_STANDARD_LIBRARIES = YES;
				BUNDLE_LOADER = "$(TEST_HOST)";
				CODE_SIGN_STYLE = Automatic;
				CURRENT_PROJECT_VERSION = 1;
				GENERATE_INFOPLIST_FILE = YES;
				IPHONEOS_DEPLOYMENT_TARGET = 16.4;
				MARKETING_VERSION = 1.0;
				PRODUCT_BUNDLE_IDENTIFIER = "com.sesac.ExUi-UintTestTests";
				PRODUCT_NAME = "$(TARGET_NAME)";
				SWIFT_EMIT_LOC_STRINGS = NO;
				SWIFT_VERSION = 5.0;
				TARGETED_DEVICE_FAMILY = "1,2";
				TEST_HOST = "$(BUILT_PRODUCTS_DIR)/ExUi_UintTest.app/$(BUNDLE_EXECUTABLE_FOLDER_PATH)/ExUi_UintTest";
			};
			name = Release;
		};
		673776272A938BC9003F16A4 /* Debug */ = {
			isa = XCBuildConfiguration;
			buildSettings = {
				ALWAYS_EMBED_SWIFT_STANDARD_LIBRARIES = YES;
				CODE_SIGN_STYLE = Automatic;
				CURRENT_PROJECT_VERSION = 1;
				GENERATE_INFOPLIST_FILE = YES;
				MARKETING_VERSION = 1.0;
				PRODUCT_BUNDLE_IDENTIFIER = "com.sesac.ExUi-UintTestUITests";
				PRODUCT_NAME = "$(TARGET_NAME)";
				SWIFT_EMIT_LOC_STRINGS = NO;
				SWIFT_VERSION = 5.0;
				TARGETED_DEVICE_FAMILY = "1,2";
				TEST_TARGET_NAME = ExUi_UintTest;
			};
			name = Debug;
		};
		673776282A938BC9003F16A4 /* Release */ = {
			isa = XCBuildConfiguration;
			buildSettings = {
				ALWAYS_EMBED_SWIFT_STANDARD_LIBRARIES = YES;
				CODE_SIGN_STYLE = Automatic;
				CURRENT_PROJECT_VERSION = 1;
				GENERATE_INFOPLIST_FILE = YES;
				MARKETING_VERSION = 1.0;
				PRODUCT_BUNDLE_IDENTIFIER = "com.sesac.ExUi-UintTestUITests";
				PRODUCT_NAME = "$(TARGET_NAME)";
				SWIFT_EMIT_LOC_STRINGS = NO;
				SWIFT_VERSION = 5.0;
				TARGETED_DEVICE_FAMILY = "1,2";
				TEST_TARGET_NAME = ExUi_UintTest;
			};
			name = Release;
		};
/* End XCBuildConfiguration section */

/* Begin XCConfigurationList section */
		673775F12A938BC8003F16A4 /* Build configuration list for PBXProject "ExUi_UintTest" */ = {
			isa = XCConfigurationList;
			buildConfigurations = (
				6737761E2A938BC9003F16A4 /* Debug */,
				6737761F2A938BC9003F16A4 /* Release */,
			);
			defaultConfigurationIsVisible = 0;
			defaultConfigurationName = Release;
		};
		673776202A938BC9003F16A4 /* Build configuration list for PBXNativeTarget "ExUi_UintTest" */ = {
			isa = XCConfigurationList;
			buildConfigurations = (
				673776212A938BC9003F16A4 /* Debug */,
				673776222A938BC9003F16A4 /* Release */,
			);
			defaultConfigurationIsVisible = 0;
			defaultConfigurationName = Release;
		};
		673776232A938BC9003F16A4 /* Build configuration list for PBXNativeTarget "ExUi_UintTestTests" */ = {
			isa = XCConfigurationList;
			buildConfigurations = (
				673776242A938BC9003F16A4 /* Debug */,
				673776252A938BC9003F16A4 /* Release */,
			);
			defaultConfigurationIsVisible = 0;
			defaultConfigurationName = Release;
		};
		673776262A938BC9003F16A4 /* Build configuration list for PBXNativeTarget "ExUi_UintTestUITests" */ = {
			isa = XCConfigurationList;
			buildConfigurations = (
				673776272A938BC9003F16A4 /* Debug */,
				673776282A938BC9003F16A4 /* Release */,
			);
			defaultConfigurationIsVisible = 0;
			defaultConfigurationName = Release;
		};
/* End XCConfigurationList section */

/* Begin XCRemoteSwiftPackageReference section */
		673776292A938CA3003F16A4 /* XCRemoteSwiftPackageReference "Then" */ = {
			isa = XCRemoteSwiftPackageReference;
			repositoryURL = "https://github.com/devxoul/Then.git";
			requirement = {
				kind = upToNextMajorVersion;
				minimumVersion = 3.0.0;
			};
		};
/* End XCRemoteSwiftPackageReference section */

/* Begin XCSwiftPackageProductDependency section */
		6737762A2A938CA3003F16A4 /* Then */ = {
			isa = XCSwiftPackageProductDependency;
			package = 673776292A938CA3003F16A4 /* XCRemoteSwiftPackageReference "Then" */;
			productName = Then;
		};
/* End XCSwiftPackageProductDependency section */
	};
	rootObject = 673775EE2A938BC8003F16A4 /* Project object */;
}
